
Microsoft Visual Studio Solution File, Format Version 12.00
# Visual Studio Version 17
VisualStudioVersion = 17.0.31903.59
MinimumVisualStudioVersion = 10.0.40219.1
Project("{2150E333-8FDC-42A3-9474-1A3956D46DE8}") = "src", "src", "{3478A610-0AE5-4D69-A4BF-27EC9770A6FC}"
EndProject
Project("{FAE04EC0-301F-11D3-BF4B-00C04F79EFBC}") = "AuctionService", "src\AuctionService\AuctionService.csproj", "{D831B3EE-7FA6-4AC7-89B7-1CF0D63ED507}"
EndProject
Project("{FAE04EC0-301F-11D3-BF4B-00C04F79EFBC}") = "SearchService", "src\SearchService\SearchService.csproj", "{4F05B5A0-2D84-4A2E-9590-0D51909E1238}"
EndProject
Project("{FAE04EC0-301F-11D3-BF4B-00C04F79EFBC}") = "Contracts", "src\Contracts\Contracts.csproj", "{AA5621FD-0D6F-4937-A724-5C345ACAD865}"
EndProject
Project("{FAE04EC0-301F-11D3-BF4B-00C04F79EFBC}") = "IdentityService", "src\IdentityService\IdentityService.csproj", "{F6D6B45E-3CC0-40CF-9248-9544C3023665}"
EndProject
Project("{FAE04EC0-301F-11D3-BF4B-00C04F79EFBC}") = "GatewayService", "src\GatewayService\GatewayService.csproj", "{2F2E57F9-D1B2-475E-B19F-709FB1555EEC}"
EndProject
Global
	GlobalSection(SolutionConfigurationPlatforms) = preSolution
		Debug|Any CPU = Debug|Any CPU
		Release|Any CPU = Release|Any CPU
	EndGlobalSection
	GlobalSection(ProjectConfigurationPlatforms) = postSolution
		{D831B3EE-7FA6-4AC7-89B7-1CF0D63ED507}.Debug|Any CPU.ActiveCfg = Debug|Any CPU
		{D831B3EE-7FA6-4AC7-89B7-1CF0D63ED507}.Debug|Any CPU.Build.0 = Debug|Any CPU
		{D831B3EE-7FA6-4AC7-89B7-1CF0D63ED507}.Release|Any CPU.ActiveCfg = Release|Any CPU
		{D831B3EE-7FA6-4AC7-89B7-1CF0D63ED507}.Release|Any CPU.Build.0 = Release|Any CPU
		{4F05B5A0-2D84-4A2E-9590-0D51909E1238}.Debug|Any CPU.ActiveCfg = Debug|Any CPU
		{4F05B5A0-2D84-4A2E-9590-0D51909E1238}.Debug|Any CPU.Build.0 = Debug|Any CPU
		{4F05B5A0-2D84-4A2E-9590-0D51909E1238}.Release|Any CPU.ActiveCfg = Release|Any CPU
		{4F05B5A0-2D84-4A2E-9590-0D51909E1238}.Release|Any CPU.Build.0 = Release|Any CPU
		{AA5621FD-0D6F-4937-A724-5C345ACAD865}.Debug|Any CPU.ActiveCfg = Debug|Any CPU
		{AA5621FD-0D6F-4937-A724-5C345ACAD865}.Debug|Any CPU.Build.0 = Debug|Any CPU
		{AA5621FD-0D6F-4937-A724-5C345ACAD865}.Release|Any CPU.ActiveCfg = Release|Any CPU
		{AA5621FD-0D6F-4937-A724-5C345ACAD865}.Release|Any CPU.Build.0 = Release|Any CPU
		{F6D6B45E-3CC0-40CF-9248-9544C3023665}.Debug|Any CPU.ActiveCfg = Debug|Any CPU
		{F6D6B45E-3CC0-40CF-9248-9544C3023665}.Debug|Any CPU.Build.0 = Debug|Any CPU
		{F6D6B45E-3CC0-40CF-9248-9544C3023665}.Release|Any CPU.ActiveCfg = Release|Any CPU
		{F6D6B45E-3CC0-40CF-9248-9544C3023665}.Release|Any CPU.Build.0 = Release|Any CPU
		{2F2E57F9-D1B2-475E-B19F-709FB1555EEC}.Debug|Any CPU.ActiveCfg = Debug|Any CPU
		{2F2E57F9-D1B2-475E-B19F-709FB1555EEC}.Debug|Any CPU.Build.0 = Debug|Any CPU
		{2F2E57F9-D1B2-475E-B19F-709FB1555EEC}.Release|Any CPU.ActiveCfg = Release|Any CPU
		{2F2E57F9-D1B2-475E-B19F-709FB1555EEC}.Release|Any CPU.Build.0 = Release|Any CPU
	EndGlobalSection
	GlobalSection(SolutionProperties) = preSolution
		HideSolutionNode = FALSE
	EndGlobalSection
	GlobalSection(NestedProjects) = preSolution
		{D831B3EE-7FA6-4AC7-89B7-1CF0D63ED507} = {3478A610-0AE5-4D69-A4BF-27EC9770A6FC}
		{4F05B5A0-2D84-4A2E-9590-0D51909E1238} = {3478A610-0AE5-4D69-A4BF-27EC9770A6FC}
		{AA5621FD-0D6F-4937-A724-5C345ACAD865} = {3478A610-0AE5-4D69-A4BF-27EC9770A6FC}
		{F6D6B45E-3CC0-40CF-9248-9544C3023665} = {3478A610-0AE5-4D69-A4BF-27EC9770A6FC}
		{2F2E57F9-D1B2-475E-B19F-709FB1555EEC} = {3478A610-0AE5-4D69-A4BF-27EC9770A6FC}
	EndGlobalSection
EndGlobal
